// !$*UTF8*$!
{
	archiveVersion = 1;
	classes = {
	};
	objectVersion = 77;
	objects = {

/* Begin PBXBuildFile section */
		00C83AC475A055101EC2142C /* MissionStepInput.swift in Sources */ = {isa = PBXBuildFile; fileRef = 30363681E0458D5424F54A31 /* MissionStepInput.swift */; };
		00FC7841F8092978094DF3C7 /* PixelColor.swift in Sources */ = {isa = PBXBuildFile; fileRef = 63D6797DC3296F2174D2169A /* PixelColor.swift */; };
		027C49A35BB62E3C9B535323 /* CoursePreviewView.swift in Sources */ = {isa = PBXBuildFile; fileRef = 72A2FDC0888CCB3FFE5D5F1B /* CoursePreviewView.swift */; };
		09CA36B2590769BAEEDDE8C9 /* PlayProgress.swift in Sources */ = {isa = PBXBuildFile; fileRef = C067AF921E238CC37BAD19F4 /* PlayProgress.swift */; };
		1063ECB9D961E9145B031E02 /* Galmuri9.ttf in Resources */ = {isa = PBXBuildFile; fileRef = 8106FE651DF3B5201C58AE54 /* Galmuri9.ttf */; };
		12786FB262DEB2F73A3AD8F4 /* JejuRegion.swift in Sources */ = {isa = PBXBuildFile; fileRef = 56510A2D59EB508CE47BE90F /* JejuRegion.swift */; };
		174F84207B32BD1FF0089EA3 /* CoursePreviewViewModel.swift in Sources */ = {isa = PBXBuildFile; fileRef = 161AAD315E57D0DCD4AEF673 /* CoursePreviewViewModel.swift */; };
		18E4CA6BBCC86AD84FCFD234 /* jeju-stone-park.png in Resources */ = {isa = PBXBuildFile; fileRef = A879853F4651906EE40B20D1 /* jeju-stone-park.png */; };
		1D31F774AFAFA32EA214BE61 /* Galmuri11-Bold.ttf in Resources */ = {isa = PBXBuildFile; fileRef = ACC8CE9035C23D8D25277A7D /* Galmuri11-Bold.ttf */; };
		1EFFDAF78ADAE81D2021D06E /* SavedCourse.swift in Sources */ = {isa = PBXBuildFile; fileRef = 8E81A390764D24D99F14B2DA /* SavedCourse.swift */; };
		1F8E431CBD4FDEDB15BB328D /* CoursePlace.swift in Sources */ = {isa = PBXBuildFile; fileRef = A744E956106F34C9C2D95F2F /* CoursePlace.swift */; };
		29733E529895877A8C3055B5 /* Galmuri11.ttf in Resources */ = {isa = PBXBuildFile; fileRef = E25C6E205C7D773FC22CA00E /* Galmuri11.ttf */; };
		2BDBCF5B8C7C61F1C9478ABC /* JejuFolkloreApp.swift in Sources */ = {isa = PBXBuildFile; fileRef = 6DEF7C5A76ABA12369016601 /* JejuFolkloreApp.swift */; };
		2F421FD8AD3B408FB4CB94C4 /* PlaceDetail.swift in Sources */ = {isa = PBXBuildFile; fileRef = DBD5EDEE06A3A22C0EED714E /* PlaceDetail.swift */; };
		344CFDCD02C0689B73F83D69 /* CourseListView.swift in Sources */ = {isa = PBXBuildFile; fileRef = 34B9D496ABD9AFEFF77B6B63 /* CourseListView.swift */; };
		369D553E0685619EEAF02597 /* PixelUIColor.swift in Sources */ = {isa = PBXBuildFile; fileRef = 1903FC08AB7833E41E253682 /* PixelUIColor.swift */; };
		3C924367BF6D98281ABDEE6F /* PlaceAPI.swift in Sources */ = {isa = PBXBuildFile; fileRef = 997538FBFEB00536EF630FCB /* PlaceAPI.swift */; };
		3F87278B10B282BE0924C3DC /* PlaceDetailView.swift in Sources */ = {isa = PBXBuildFile; fileRef = 2849D430EC6C737EC3D50054 /* PlaceDetailView.swift */; };
		4376C2AAA8BD0BDF615AB8A6 /* OFL.txt in Resources */ = {isa = PBXBuildFile; fileRef = DE6EAC554294F429D6DA6C88 /* OFL.txt */; };
		4B5F8136E4813312F1CE5976 /* CourseAPI.swift in Sources */ = {isa = PBXBuildFile; fileRef = CCA846B90A1C7E739C308EE5 /* CourseAPI.swift */; };
		54D584F75B5C044657405032 /* PixelFont.swift in Sources */ = {isa = PBXBuildFile; fileRef = EB5F583B0BC011D915FE152F /* PixelFont.swift */; };
		551CF310DF3AE8E66E0D1AF7 /* PlayRunnerView.swift in Sources */ = {isa = PBXBuildFile; fileRef = E8F9DD63A88EBCCF172DEE06 /* PlayRunnerView.swift */; };
		587E768898899E1D9B66B4F9 /* PixelIcon.swift in Sources */ = {isa = PBXBuildFile; fileRef = FB383F822D48F10D4C482C1B /* PixelIcon.swift */; };
		58DF075E69988AA2F359FE58 /* StoryAudioPlayer.swift in Sources */ = {isa = PBXBuildFile; fileRef = F360898F00360C7F075BAB6C /* StoryAudioPlayer.swift */; };
		5E2DF12857CFA4FFB471EA68 /* suwolbong.png in Resources */ = {isa = PBXBuildFile; fileRef = DCCD25368FA26CE125559621 /* suwolbong.png */; };
		61C0030A922B080D04398BBE /* PlaceNearby.swift in Sources */ = {isa = PBXBuildFile; fileRef = 790BCBC137E74D33B1172214 /* PlaceNearby.swift */; };
		67157E9A54F763785AB8AAE4 /* Config.swift in Sources */ = {isa = PBXBuildFile; fileRef = BCB19D914698888F9F31CB4C /* Config.swift */; };
		6993D4B38E663044C3335FF3 /* PixelChrome.swift in Sources */ = {isa = PBXBuildFile; fileRef = 700D4CE53167A5AD8EBB8340 /* PixelChrome.swift */; };
		6D5F8CF07FD03DF0A2306308 /* PlayPinMap.swift in Sources */ = {isa = PBXBuildFile; fileRef = D9B862C5DD38A16E14785379 /* PlayPinMap.swift */; };
		724570403E04D82E56626B33 /* MissionReportSheet.swift in Sources */ = {isa = PBXBuildFile; fileRef = 0DBF4D19B73D91571B6BF2CC /* MissionReportSheet.swift */; };
		72807356FA10C0EE8D9EC901 /* Galmuri14.ttf in Resources */ = {isa = PBXBuildFile; fileRef = 680EEF39BE20B00165C19DAA /* Galmuri14.ttf */; };
		7485325AAD31ADF859E86B09 /* GoogleMaps in Frameworks */ = {isa = PBXBuildFile; productRef = 73D434DC7C36590FAF11FE46 /* GoogleMaps */; };
		74DCBD57A66368EA7F46C223 /* HomeView.swift in Sources */ = {isa = PBXBuildFile; fileRef = AB272DA5A0E88FF5D6FE70C5 /* HomeView.swift */; };
		758B8B2D4F580D81D78DE0D8 /* PlaceInfoSections.swift in Sources */ = {isa = PBXBuildFile; fileRef = DB5C2B77D1C62C8750CB21E2 /* PlaceInfoSections.swift */; };
		8463900C5A7F33E6253DBFC7 /* SharedComponents.swift in Sources */ = {isa = PBXBuildFile; fileRef = 7BFB45E01F6089646021CEA5 /* SharedComponents.swift */; };
		8A05764F76E9D6D931D89427 /* PlayAPI.swift in Sources */ = {isa = PBXBuildFile; fileRef = ABCB9C34210E2B619207A45E /* PlayAPI.swift */; };
		8A08DE3EE1EDECFC01390C82 /* ContentView.swift in Sources */ = {isa = PBXBuildFile; fileRef = FE1015A20E1B4F561042D346 /* ContentView.swift */; };
		8C282DF964A29D9C75C3B99A /* Assets.xcassets in Resources */ = {isa = PBXBuildFile; fileRef = E11EACDCA05DCA02F59297D3 /* Assets.xcassets */; };
		8E332C8B628EB5E1E42AC01C /* MyCourseListView.swift in Sources */ = {isa = PBXBuildFile; fileRef = EBC7164D2D582E9B1C26D3E8 /* MyCourseListView.swift */; };
		96B2DDC6F8D6FF8F60FB204C /* PixelComponents.swift in Sources */ = {isa = PBXBuildFile; fileRef = 1D8AB8D49C66B553084056EF /* PixelComponents.swift */; };
		96D843ECB5200BC6F444CAE1 /* ProfileTabView.swift in Sources */ = {isa = PBXBuildFile; fileRef = C0E3C9D9B595012C0EAF66BF /* ProfileTabView.swift */; };
		9CE22D9AFDBBB268C8DC5204 /* PixelGalleryView.swift in Sources */ = {isa = PBXBuildFile; fileRef = 5BFC0010E988BDABFC32500E /* PixelGalleryView.swift */; };
		9CE3AAF8CFE0F62B647E2B1B /* CourseRecommendViewModel.swift in Sources */ = {isa = PBXBuildFile; fileRef = 80646C2F3C35C152B947F2A1 /* CourseRecommendViewModel.swift */; };
		A2287983AC1EC4E32FF2013A /* PlayProgressStore.swift in Sources */ = {isa = PBXBuildFile; fileRef = C96AFB3E0EDE3F60AD5E68C6 /* PlayProgressStore.swift */; };
		A2C31EC58EACE3EE26ECF576 /* MapTabView.swift in Sources */ = {isa = PBXBuildFile; fileRef = 58575F513772C542278732E4 /* MapTabView.swift */; };
		A354561FC140C77CD26F19D8 /* GoogleMapPreview.swift in Sources */ = {isa = PBXBuildFile; fileRef = CFC15B8EA8FB8D80D2EA8016 /* GoogleMapPreview.swift */; };
		A8ED1424FD6D36F3B538B12A /* PixelTabBar.swift in Sources */ = {isa = PBXBuildFile; fileRef = 147E26AF7E61D093C74F6104 /* PixelTabBar.swift */; };
		AEC00D4AD15BC10475440886 /* PrivacyInfo.xcprivacy in Resources */ = {isa = PBXBuildFile; fileRef = 4913CD26382F80BA6A2940F6 /* PrivacyInfo.xcprivacy */; };
		B5B02C3BABAAB0A349124CCF /* TasteDiscoveryView.swift in Sources */ = {isa = PBXBuildFile; fileRef = 49D647B00BA05037D92D8A8D /* TasteDiscoveryView.swift */; };
		BE8283B245F07A8088CC086E /* AudioPlayer.swift in Sources */ = {isa = PBXBuildFile; fileRef = A462576FFCE42FA00335CDB9 /* AudioPlayer.swift */; };
		C73841BC51AF0A0EC4A72670 /* LocationService.swift in Sources */ = {isa = PBXBuildFile; fileRef = 94F529E10D83F4E5A63726E5 /* LocationService.swift */; };
		CB763EDFE880AAC77792628A /* Play.swift in Sources */ = {isa = PBXBuildFile; fileRef = 4BAB5BC9C63961CEA7CC226B /* Play.swift */; };
		D3DFEBC6D7B98B9C46F9BA81 /* PixelSpacing.swift in Sources */ = {isa = PBXBuildFile; fileRef = 770550065A60F3F6D772B9A0 /* PixelSpacing.swift */; };
		D726750ECE035B9C28D50F72 /* Course.swift in Sources */ = {isa = PBXBuildFile; fileRef = 3716E52689657C66A89C990A /* Course.swift */; };
		E308940579FA9D956796897F /* CourseHubView.swift in Sources */ = {isa = PBXBuildFile; fileRef = F710DAFC1FB6A28109BE7C66 /* CourseHubView.swift */; };
		E5FFD4F4F6D0F52E73744CAA /* seongeup-folk-village.png in Resources */ = {isa = PBXBuildFile; fileRef = 89D35949EC99A65964351085 /* seongeup-folk-village.png */; };
		F475DC455EF699B2C68D1803 /* APIClient.swift in Sources */ = {isa = PBXBuildFile; fileRef = C8932708010A3431E486DF98 /* APIClient.swift */; };
		F5FDCEF545D4023A70256DEC /* PlayCard.swift in Sources */ = {isa = PBXBuildFile; fileRef = 68F89AFFDE8A57B6CA8E1D40 /* PlayCard.swift */; };
		F6293A665BCC1AEA370BE95C /* MaterialIcons-Regular.ttf in Resources */ = {isa = PBXBuildFile; fileRef = 52D86945625489F0FAF637E3 /* MaterialIcons-Regular.ttf */; };
		F851175C25E3291397058468 /* PixelScene.swift in Sources */ = {isa = PBXBuildFile; fileRef = D6BF11B2CFA33AAE93918072 /* PixelScene.swift */; };
		FB5B56BEEBB0650A986C18EC /* PlayDetailView.swift in Sources */ = {isa = PBXBuildFile; fileRef = D2F59CC64DB30B5F69512C4E /* PlayDetailView.swift */; };
/* End PBXBuildFile section */

/* Begin PBXFileReference section */
		0DBF4D19B73D91571B6BF2CC /* MissionReportSheet.swift */ = {isa = PBXFileReference; lastKnownFileType = sourcecode.swift; path = MissionReportSheet.swift; sourceTree = "<group>"; };
		147E26AF7E61D093C74F6104 /* PixelTabBar.swift */ = {isa = PBXFileReference; lastKnownFileType = sourcecode.swift; path = PixelTabBar.swift; sourceTree = "<group>"; };
		161AAD315E57D0DCD4AEF673 /* CoursePreviewViewModel.swift */ = {isa = PBXFileReference; lastKnownFileType = sourcecode.swift; path = CoursePreviewViewModel.swift; sourceTree = "<group>"; };
		1903FC08AB7833E41E253682 /* PixelUIColor.swift */ = {isa = PBXFileReference; lastKnownFileType = sourcecode.swift; path = PixelUIColor.swift; sourceTree = "<group>"; };
		1D8AB8D49C66B553084056EF /* PixelComponents.swift */ = {isa = PBXFileReference; lastKnownFileType = sourcecode.swift; path = PixelComponents.swift; sourceTree = "<group>"; };
		2849D430EC6C737EC3D50054 /* PlaceDetailView.swift */ = {isa = PBXFileReference; lastKnownFileType = sourcecode.swift; path = PlaceDetailView.swift; sourceTree = "<group>"; };
		30363681E0458D5424F54A31 /* MissionStepInput.swift */ = {isa = PBXFileReference; lastKnownFileType = sourcecode.swift; path = MissionStepInput.swift; sourceTree = "<group>"; };
		34B9D496ABD9AFEFF77B6B63 /* CourseListView.swift */ = {isa = PBXFileReference; lastKnownFileType = sourcecode.swift; path = CourseListView.swift; sourceTree = "<group>"; };
		3716E52689657C66A89C990A /* Course.swift */ = {isa = PBXFileReference; lastKnownFileType = sourcecode.swift; path = Course.swift; sourceTree = "<group>"; };
		4913CD26382F80BA6A2940F6 /* PrivacyInfo.xcprivacy */ = {isa = PBXFileReference; path = PrivacyInfo.xcprivacy; sourceTree = "<group>"; };
		49D647B00BA05037D92D8A8D /* TasteDiscoveryView.swift */ = {isa = PBXFileReference; lastKnownFileType = sourcecode.swift; path = TasteDiscoveryView.swift; sourceTree = "<group>"; };
		4A6CDC61CF4A2F9B4C4E04B0 /* JejuFolklore.app */ = {isa = PBXFileReference; includeInIndex = 0; lastKnownFileType = wrapper.application; path = JejuFolklore.app; sourceTree = BUILT_PRODUCTS_DIR; };
		4BAB5BC9C63961CEA7CC226B /* Play.swift */ = {isa = PBXFileReference; lastKnownFileType = sourcecode.swift; path = Play.swift; sourceTree = "<group>"; };
		50714B04510A0105DCCEE895 /* debug-route.gpx */ = {isa = PBXFileReference; lastKnownFileType = text.xml; path = "debug-route.gpx"; sourceTree = "<group>"; };
		52D86945625489F0FAF637E3 /* MaterialIcons-Regular.ttf */ = {isa = PBXFileReference; lastKnownFileType = file; path = "MaterialIcons-Regular.ttf"; sourceTree = "<group>"; };
		56510A2D59EB508CE47BE90F /* JejuRegion.swift */ = {isa = PBXFileReference; lastKnownFileType = sourcecode.swift; path = JejuRegion.swift; sourceTree = "<group>"; };
		58575F513772C542278732E4 /* MapTabView.swift */ = {isa = PBXFileReference; lastKnownFileType = sourcecode.swift; path = MapTabView.swift; sourceTree = "<group>"; };
		5BFC0010E988BDABFC32500E /* PixelGalleryView.swift */ = {isa = PBXFileReference; lastKnownFileType = sourcecode.swift; path = PixelGalleryView.swift; sourceTree = "<group>"; };
		63D6797DC3296F2174D2169A /* PixelColor.swift */ = {isa = PBXFileReference; lastKnownFileType = sourcecode.swift; path = PixelColor.swift; sourceTree = "<group>"; };
		680EEF39BE20B00165C19DAA /* Galmuri14.ttf */ = {isa = PBXFileReference; lastKnownFileType = file; path = Galmuri14.ttf; sourceTree = "<group>"; };
		68F89AFFDE8A57B6CA8E1D40 /* PlayCard.swift */ = {isa = PBXFileReference; lastKnownFileType = sourcecode.swift; path = PlayCard.swift; sourceTree = "<group>"; };
		6A4C37778C65DA1DF7951735 /* Secrets.xcconfig */ = {isa = PBXFileReference; lastKnownFileType = text.xcconfig; path = Secrets.xcconfig; sourceTree = "<group>"; };
		6DEF7C5A76ABA12369016601 /* JejuFolkloreApp.swift */ = {isa = PBXFileReference; lastKnownFileType = sourcecode.swift; path = JejuFolkloreApp.swift; sourceTree = "<group>"; };
		700D4CE53167A5AD8EBB8340 /* PixelChrome.swift */ = {isa = PBXFileReference; lastKnownFileType = sourcecode.swift; path = PixelChrome.swift; sourceTree = "<group>"; };
		72A2FDC0888CCB3FFE5D5F1B /* CoursePreviewView.swift */ = {isa = PBXFileReference; lastKnownFileType = sourcecode.swift; path = CoursePreviewView.swift; sourceTree = "<group>"; };
		770550065A60F3F6D772B9A0 /* PixelSpacing.swift */ = {isa = PBXFileReference; lastKnownFileType = sourcecode.swift; path = PixelSpacing.swift; sourceTree = "<group>"; };
		790BCBC137E74D33B1172214 /* PlaceNearby.swift */ = {isa = PBXFileReference; lastKnownFileType = sourcecode.swift; path = PlaceNearby.swift; sourceTree = "<group>"; };
		7BFB45E01F6089646021CEA5 /* SharedComponents.swift */ = {isa = PBXFileReference; lastKnownFileType = sourcecode.swift; path = SharedComponents.swift; sourceTree = "<group>"; };
		80646C2F3C35C152B947F2A1 /* CourseRecommendViewModel.swift */ = {isa = PBXFileReference; lastKnownFileType = sourcecode.swift; path = CourseRecommendViewModel.swift; sourceTree = "<group>"; };
		8106FE651DF3B5201C58AE54 /* Galmuri9.ttf */ = {isa = PBXFileReference; lastKnownFileType = file; path = Galmuri9.ttf; sourceTree = "<group>"; };
		89D35949EC99A65964351085 /* seongeup-folk-village.png */ = {isa = PBXFileReference; lastKnownFileType = image.png; path = "seongeup-folk-village.png"; sourceTree = "<group>"; };
		8E81A390764D24D99F14B2DA /* SavedCourse.swift */ = {isa = PBXFileReference; lastKnownFileType = sourcecode.swift; path = SavedCourse.swift; sourceTree = "<group>"; };
		94F529E10D83F4E5A63726E5 /* LocationService.swift */ = {isa = PBXFileReference; lastKnownFileType = sourcecode.swift; path = LocationService.swift; sourceTree = "<group>"; };
		997538FBFEB00536EF630FCB /* PlaceAPI.swift */ = {isa = PBXFileReference; lastKnownFileType = sourcecode.swift; path = PlaceAPI.swift; sourceTree = "<group>"; };
		A462576FFCE42FA00335CDB9 /* AudioPlayer.swift */ = {isa = PBXFileReference; lastKnownFileType = sourcecode.swift; path = AudioPlayer.swift; sourceTree = "<group>"; };
		A744E956106F34C9C2D95F2F /* CoursePlace.swift */ = {isa = PBXFileReference; lastKnownFileType = sourcecode.swift; path = CoursePlace.swift; sourceTree = "<group>"; };
		A879853F4651906EE40B20D1 /* jeju-stone-park.png */ = {isa = PBXFileReference; lastKnownFileType = image.png; path = "jeju-stone-park.png"; sourceTree = "<group>"; };
		AB272DA5A0E88FF5D6FE70C5 /* HomeView.swift */ = {isa = PBXFileReference; lastKnownFileType = sourcecode.swift; path = HomeView.swift; sourceTree = "<group>"; };
		ABCB9C34210E2B619207A45E /* PlayAPI.swift */ = {isa = PBXFileReference; lastKnownFileType = sourcecode.swift; path = PlayAPI.swift; sourceTree = "<group>"; };
		ACC8CE9035C23D8D25277A7D /* Galmuri11-Bold.ttf */ = {isa = PBXFileReference; lastKnownFileType = file; path = "Galmuri11-Bold.ttf"; sourceTree = "<group>"; };
		BCB19D914698888F9F31CB4C /* Config.swift */ = {isa = PBXFileReference; lastKnownFileType = sourcecode.swift; path = Config.swift; sourceTree = "<group>"; };
		C067AF921E238CC37BAD19F4 /* PlayProgress.swift */ = {isa = PBXFileReference; lastKnownFileType = sourcecode.swift; path = PlayProgress.swift; sourceTree = "<group>"; };
		C0E3C9D9B595012C0EAF66BF /* ProfileTabView.swift */ = {isa = PBXFileReference; lastKnownFileType = sourcecode.swift; path = ProfileTabView.swift; sourceTree = "<group>"; };
		C8932708010A3431E486DF98 /* APIClient.swift */ = {isa = PBXFileReference; lastKnownFileType = sourcecode.swift; path = APIClient.swift; sourceTree = "<group>"; };
		C96AFB3E0EDE3F60AD5E68C6 /* PlayProgressStore.swift */ = {isa = PBXFileReference; lastKnownFileType = sourcecode.swift; path = PlayProgressStore.swift; sourceTree = "<group>"; };
		CCA846B90A1C7E739C308EE5 /* CourseAPI.swift */ = {isa = PBXFileReference; lastKnownFileType = sourcecode.swift; path = CourseAPI.swift; sourceTree = "<group>"; };
		CFC15B8EA8FB8D80D2EA8016 /* GoogleMapPreview.swift */ = {isa = PBXFileReference; lastKnownFileType = sourcecode.swift; path = GoogleMapPreview.swift; sourceTree = "<group>"; };
		D2F59CC64DB30B5F69512C4E /* PlayDetailView.swift */ = {isa = PBXFileReference; lastKnownFileType = sourcecode.swift; path = PlayDetailView.swift; sourceTree = "<group>"; };
		D6BF11B2CFA33AAE93918072 /* PixelScene.swift */ = {isa = PBXFileReference; lastKnownFileType = sourcecode.swift; path = PixelScene.swift; sourceTree = "<group>"; };
		D9B862C5DD38A16E14785379 /* PlayPinMap.swift */ = {isa = PBXFileReference; lastKnownFileType = sourcecode.swift; path = PlayPinMap.swift; sourceTree = "<group>"; };
		DB5C2B77D1C62C8750CB21E2 /* PlaceInfoSections.swift */ = {isa = PBXFileReference; lastKnownFileType = sourcecode.swift; path = PlaceInfoSections.swift; sourceTree = "<group>"; };
		DBD5EDEE06A3A22C0EED714E /* PlaceDetail.swift */ = {isa = PBXFileReference; lastKnownFileType = sourcecode.swift; path = PlaceDetail.swift; sourceTree = "<group>"; };
		DCCD25368FA26CE125559621 /* suwolbong.png */ = {isa = PBXFileReference; lastKnownFileType = image.png; path = suwolbong.png; sourceTree = "<group>"; };
		DE6EAC554294F429D6DA6C88 /* OFL.txt */ = {isa = PBXFileReference; lastKnownFileType = text; path = OFL.txt; sourceTree = "<group>"; };
		E11EACDCA05DCA02F59297D3 /* Assets.xcassets */ = {isa = PBXFileReference; lastKnownFileType = folder.assetcatalog; path = Assets.xcassets; sourceTree = "<group>"; };
		E25C6E205C7D773FC22CA00E /* Galmuri11.ttf */ = {isa = PBXFileReference; lastKnownFileType = file; path = Galmuri11.ttf; sourceTree = "<group>"; };
		E8F9DD63A88EBCCF172DEE06 /* PlayRunnerView.swift */ = {isa = PBXFileReference; lastKnownFileType = sourcecode.swift; path = PlayRunnerView.swift; sourceTree = "<group>"; };
		EB5F583B0BC011D915FE152F /* PixelFont.swift */ = {isa = PBXFileReference; lastKnownFileType = sourcecode.swift; path = PixelFont.swift; sourceTree = "<group>"; };
		EBC7164D2D582E9B1C26D3E8 /* MyCourseListView.swift */ = {isa = PBXFileReference; lastKnownFileType = sourcecode.swift; path = MyCourseListView.swift; sourceTree = "<group>"; };
		F360898F00360C7F075BAB6C /* StoryAudioPlayer.swift */ = {isa = PBXFileReference; lastKnownFileType = sourcecode.swift; path = StoryAudioPlayer.swift; sourceTree = "<group>"; };
		F710DAFC1FB6A28109BE7C66 /* CourseHubView.swift */ = {isa = PBXFileReference; lastKnownFileType = sourcecode.swift; path = CourseHubView.swift; sourceTree = "<group>"; };
		FB383F822D48F10D4C482C1B /* PixelIcon.swift */ = {isa = PBXFileReference; lastKnownFileType = sourcecode.swift; path = PixelIcon.swift; sourceTree = "<group>"; };
		FE1015A20E1B4F561042D346 /* ContentView.swift */ = {isa = PBXFileReference; lastKnownFileType = sourcecode.swift; path = ContentView.swift; sourceTree = "<group>"; };
/* End PBXFileReference section */

/* Begin PBXFrameworksBuildPhase section */
		8014A2189CF42E4B73D198AA /* Frameworks */ = {
			isa = PBXFrameworksBuildPhase;
			buildActionMask = 2147483647;
			files = (
				7485325AAD31ADF859E86B09 /* GoogleMaps in Frameworks */,
			);
			runOnlyForDeploymentPostprocessing = 0;
		};
/* End PBXFrameworksBuildPhase section */

/* Begin PBXGroup section */
		008A9C8980608A8515E098EF /* Products */ = {
			isa = PBXGroup;
			children = (
				4A6CDC61CF4A2F9B4C4E04B0 /* JejuFolklore.app */,
			);
			name = Products;
			sourceTree = "<group>";
		};
		2BE96A45088F306CED8D5579 /* ViewModels */ = {
			isa = PBXGroup;
			children = (
				161AAD315E57D0DCD4AEF673 /* CoursePreviewViewModel.swift */,
				80646C2F3C35C152B947F2A1 /* CourseRecommendViewModel.swift */,
			);
			path = ViewModels;
			sourceTree = "<group>";
		};
		3077A9125BAFCC44A04384F9 /* Models */ = {
			isa = PBXGroup;
			children = (
				3716E52689657C66A89C990A /* Course.swift */,
				A744E956106F34C9C2D95F2F /* CoursePlace.swift */,
				56510A2D59EB508CE47BE90F /* JejuRegion.swift */,
				DBD5EDEE06A3A22C0EED714E /* PlaceDetail.swift */,
				790BCBC137E74D33B1172214 /* PlaceNearby.swift */,
				4BAB5BC9C63961CEA7CC226B /* Play.swift */,
				C067AF921E238CC37BAD19F4 /* PlayProgress.swift */,
				8E81A390764D24D99F14B2DA /* SavedCourse.swift */,
			);
			path = Models;
			sourceTree = "<group>";
		};
		4382E2DB714C38841ADF16F6 /* Covers */ = {
			isa = PBXGroup;
			children = (
				A879853F4651906EE40B20D1 /* jeju-stone-park.png */,
				89D35949EC99A65964351085 /* seongeup-folk-village.png */,
				DCCD25368FA26CE125559621 /* suwolbong.png */,
			);
			name = Covers;
			path = JejuFolklore/Resources/Covers;
			sourceTree = "<group>";
		};
		496F9C74CA25FBFDEAFCED32 /* App */ = {
			isa = PBXGroup;
			children = (
				BCB19D914698888F9F31CB4C /* Config.swift */,
				6DEF7C5A76ABA12369016601 /* JejuFolkloreApp.swift */,
			);
			path = App;
			sourceTree = "<group>";
		};
		4B9524F3E48D13C2441EFF33 /* Components */ = {
			isa = PBXGroup;
			children = (
				CFC15B8EA8FB8D80D2EA8016 /* GoogleMapPreview.swift */,
				0DBF4D19B73D91571B6BF2CC /* MissionReportSheet.swift */,
				30363681E0458D5424F54A31 /* MissionStepInput.swift */,
				68F89AFFDE8A57B6CA8E1D40 /* PlayCard.swift */,
				D9B862C5DD38A16E14785379 /* PlayPinMap.swift */,
			);
			path = Components;
			sourceTree = "<group>";
		};
		66AB70CD712AA77DD4300D3D /* Fonts */ = {
			isa = PBXGroup;
			children = (
				8106FE651DF3B5201C58AE54 /* Galmuri9.ttf */,
				ACC8CE9035C23D8D25277A7D /* Galmuri11-Bold.ttf */,
				E25C6E205C7D773FC22CA00E /* Galmuri11.ttf */,
				680EEF39BE20B00165C19DAA /* Galmuri14.ttf */,
				52D86945625489F0FAF637E3 /* MaterialIcons-Regular.ttf */,
				DE6EAC554294F429D6DA6C88 /* OFL.txt */,
			);
			name = Fonts;
			path = JejuFolklore/Resources/Fonts;
			sourceTree = "<group>";
		};
		75D21EA6AC81E560B87E62D9 = {
			isa = PBXGroup;
			children = (
				4382E2DB714C38841ADF16F6 /* Covers */,
				66AB70CD712AA77DD4300D3D /* Fonts */,
				F76BEBAB352F3DCCB021C0F7 /* JejuFolklore */,
				9FF2A0088192C74D186B9AF2 /* Resources */,
				DAB3CC0431095E8DCD0B7724 /* Sources */,
				008A9C8980608A8515E098EF /* Products */,
			);
			sourceTree = "<group>";
		};
		9FF2A0088192C74D186B9AF2 /* Resources */ = {
			isa = PBXGroup;
			children = (
				E11EACDCA05DCA02F59297D3 /* Assets.xcassets */,
				4913CD26382F80BA6A2940F6 /* PrivacyInfo.xcprivacy */,
				6A4C37778C65DA1DF7951735 /* Secrets.xcconfig */,
			);
			name = Resources;
			path = JejuFolklore/Resources;
			sourceTree = "<group>";
		};
		A003C7C43A9A4D97CD47C930 /* DesignSystem */ = {
			isa = PBXGroup;
			children = (
				700D4CE53167A5AD8EBB8340 /* PixelChrome.swift */,
				63D6797DC3296F2174D2169A /* PixelColor.swift */,
				1D8AB8D49C66B553084056EF /* PixelComponents.swift */,
				EB5F583B0BC011D915FE152F /* PixelFont.swift */,
				5BFC0010E988BDABFC32500E /* PixelGalleryView.swift */,
				FB383F822D48F10D4C482C1B /* PixelIcon.swift */,
				D6BF11B2CFA33AAE93918072 /* PixelScene.swift */,
				770550065A60F3F6D772B9A0 /* PixelSpacing.swift */,
				147E26AF7E61D093C74F6104 /* PixelTabBar.swift */,
				1903FC08AB7833E41E253682 /* PixelUIColor.swift */,
			);
			path = DesignSystem;
			sourceTree = "<group>";
		};
		D0732435DDB78ACC43D69004 /* Views */ = {
			isa = PBXGroup;
			children = (
				FE1015A20E1B4F561042D346 /* ContentView.swift */,
				F710DAFC1FB6A28109BE7C66 /* CourseHubView.swift */,
				34B9D496ABD9AFEFF77B6B63 /* CourseListView.swift */,
				72A2FDC0888CCB3FFE5D5F1B /* CoursePreviewView.swift */,
				AB272DA5A0E88FF5D6FE70C5 /* HomeView.swift */,
				58575F513772C542278732E4 /* MapTabView.swift */,
				EBC7164D2D582E9B1C26D3E8 /* MyCourseListView.swift */,
				2849D430EC6C737EC3D50054 /* PlaceDetailView.swift */,
				DB5C2B77D1C62C8750CB21E2 /* PlaceInfoSections.swift */,
				D2F59CC64DB30B5F69512C4E /* PlayDetailView.swift */,
				E8F9DD63A88EBCCF172DEE06 /* PlayRunnerView.swift */,
				C0E3C9D9B595012C0EAF66BF /* ProfileTabView.swift */,
				7BFB45E01F6089646021CEA5 /* SharedComponents.swift */,
				49D647B00BA05037D92D8A8D /* TasteDiscoveryView.swift */,
				4B9524F3E48D13C2441EFF33 /* Components */,
				A003C7C43A9A4D97CD47C930 /* DesignSystem */,
			);
			path = Views;
			sourceTree = "<group>";
		};
		D23C674700CFEF396FB5DDF7 /* Services */ = {
			isa = PBXGroup;
			children = (
				C8932708010A3431E486DF98 /* APIClient.swift */,
				A462576FFCE42FA00335CDB9 /* AudioPlayer.swift */,
				CCA846B90A1C7E739C308EE5 /* CourseAPI.swift */,
				94F529E10D83F4E5A63726E5 /* LocationService.swift */,
				997538FBFEB00536EF630FCB /* PlaceAPI.swift */,
				ABCB9C34210E2B619207A45E /* PlayAPI.swift */,
				C96AFB3E0EDE3F60AD5E68C6 /* PlayProgressStore.swift */,
				F360898F00360C7F075BAB6C /* StoryAudioPlayer.swift */,
			);
			path = Services;
			sourceTree = "<group>";
		};
		DAB3CC0431095E8DCD0B7724 /* Sources */ = {
			isa = PBXGroup;
			children = (
				496F9C74CA25FBFDEAFCED32 /* App */,
				3077A9125BAFCC44A04384F9 /* Models */,
				D23C674700CFEF396FB5DDF7 /* Services */,
				2BE96A45088F306CED8D5579 /* ViewModels */,
				D0732435DDB78ACC43D69004 /* Views */,
			);
			name = Sources;
			path = JejuFolklore/Sources;
			sourceTree = "<group>";
		};
		F76BEBAB352F3DCCB021C0F7 /* JejuFolklore */ = {
			isa = PBXGroup;
			children = (
				50714B04510A0105DCCEE895 /* debug-route.gpx */,
			);
			path = JejuFolklore;
			sourceTree = "<group>";
		};
/* End PBXGroup section */

/* Begin PBXNativeTarget section */
		58E5457657C3C958743B0C25 /* JejuFolklore */ = {
			isa = PBXNativeTarget;
			buildConfigurationList = 83032AAC9CEDC7FAAADB0C24 /* Build configuration list for PBXNativeTarget "JejuFolklore" */;
			buildPhases = (
				D50DE94A51AF6A56E6264984 /* Sources */,
				D0D4D4D316502368F59F3746 /* Resources */,
				8014A2189CF42E4B73D198AA /* Frameworks */,
			);
			buildRules = (
			);
			dependencies = (
			);
			name = JejuFolklore;
			packageProductDependencies = (
				73D434DC7C36590FAF11FE46 /* GoogleMaps */,
			);
			productName = JejuFolklore;
			productReference = 4A6CDC61CF4A2F9B4C4E04B0 /* JejuFolklore.app */;
			productType = "com.apple.product-type.application";
		};
/* End PBXNativeTarget section */

/* Begin PBXProject section */
		6C28E17D1C1CDB465148AC78 /* Project object */ = {
			isa = PBXProject;
			attributes = {
				BuildIndependentTargetsInParallel = YES;
				LastUpgradeCheck = 1600;
				TargetAttributes = {
					58E5457657C3C958743B0C25 = {
						DevelopmentTeam = HB2ZHR35Y4;
						ProvisioningStyle = Automatic;
					};
				};
			};
			buildConfigurationList = 695326EA143816F89BEC379B /* Build configuration list for PBXProject "JejuFolklore" */;
			developmentRegion = en;
			hasScannedForEncodings = 0;
			knownRegions = (
				Base,
				en,
			);
			mainGroup = 75D21EA6AC81E560B87E62D9;
			minimizedProjectReferenceProxies = 1;
			packageReferences = (
				3B887012B207487E9482AEC2 /* XCRemoteSwiftPackageReference "ios-maps-sdk" */,
			);
			preferredProjectObjectVersion = 77;
			productRefGroup = 008A9C8980608A8515E098EF /* Products */;
			projectDirPath = "";
			projectRoot = "";
			targets = (
				58E5457657C3C958743B0C25 /* JejuFolklore */,
			);
		};
/* End PBXProject section */

/* Begin PBXResourcesBuildPhase section */
		D0D4D4D316502368F59F3746 /* Resources */ = {
			isa = PBXResourcesBuildPhase;
			buildActionMask = 2147483647;
			files = (
				8C282DF964A29D9C75C3B99A /* Assets.xcassets in Resources */,
				1D31F774AFAFA32EA214BE61 /* Galmuri11-Bold.ttf in Resources */,
				29733E529895877A8C3055B5 /* Galmuri11.ttf in Resources */,
				72807356FA10C0EE8D9EC901 /* Galmuri14.ttf in Resources */,
				1063ECB9D961E9145B031E02 /* Galmuri9.ttf in Resources */,
				F6293A665BCC1AEA370BE95C /* MaterialIcons-Regular.ttf in Resources */,
				4376C2AAA8BD0BDF615AB8A6 /* OFL.txt in Resources */,
				AEC00D4AD15BC10475440886 /* PrivacyInfo.xcprivacy in Resources */,
				18E4CA6BBCC86AD84FCFD234 /* jeju-stone-park.png in Resources */,
				E5FFD4F4F6D0F52E73744CAA /* seongeup-folk-village.png in Resources */,
				5E2DF12857CFA4FFB471EA68 /* suwolbong.png in Resources */,
			);
			runOnlyForDeploymentPostprocessing = 0;
		};
/* End PBXResourcesBuildPhase section */

/* Begin PBXSourcesBuildPhase section */
		D50DE94A51AF6A56E6264984 /* Sources */ = {
			isa = PBXSourcesBuildPhase;
			buildActionMask = 2147483647;
			files = (
				F475DC455EF699B2C68D1803 /* APIClient.swift in Sources */,
				BE8283B245F07A8088CC086E /* AudioPlayer.swift in Sources */,
				67157E9A54F763785AB8AAE4 /* Config.swift in Sources */,
				8A08DE3EE1EDECFC01390C82 /* ContentView.swift in Sources */,
				D726750ECE035B9C28D50F72 /* Course.swift in Sources */,
				4B5F8136E4813312F1CE5976 /* CourseAPI.swift in Sources */,
				E308940579FA9D956796897F /* CourseHubView.swift in Sources */,
				344CFDCD02C0689B73F83D69 /* CourseListView.swift in Sources */,
				1F8E431CBD4FDEDB15BB328D /* CoursePlace.swift in Sources */,
				027C49A35BB62E3C9B535323 /* CoursePreviewView.swift in Sources */,
				174F84207B32BD1FF0089EA3 /* CoursePreviewViewModel.swift in Sources */,
				9CE3AAF8CFE0F62B647E2B1B /* CourseRecommendViewModel.swift in Sources */,
				A354561FC140C77CD26F19D8 /* GoogleMapPreview.swift in Sources */,
				74DCBD57A66368EA7F46C223 /* HomeView.swift in Sources */,
				2BDBCF5B8C7C61F1C9478ABC /* JejuFolkloreApp.swift in Sources */,
				12786FB262DEB2F73A3AD8F4 /* JejuRegion.swift in Sources */,
				C73841BC51AF0A0EC4A72670 /* LocationService.swift in Sources */,
				A2C31EC58EACE3EE26ECF576 /* MapTabView.swift in Sources */,
				724570403E04D82E56626B33 /* MissionReportSheet.swift in Sources */,
				00C83AC475A055101EC2142C /* MissionStepInput.swift in Sources */,
				8E332C8B628EB5E1E42AC01C /* MyCourseListView.swift in Sources */,
				6993D4B38E663044C3335FF3 /* PixelChrome.swift in Sources */,
				00FC7841F8092978094DF3C7 /* PixelColor.swift in Sources */,
				96B2DDC6F8D6FF8F60FB204C /* PixelComponents.swift in Sources */,
				54D584F75B5C044657405032 /* PixelFont.swift in Sources */,
				9CE22D9AFDBBB268C8DC5204 /* PixelGalleryView.swift in Sources */,
				587E768898899E1D9B66B4F9 /* PixelIcon.swift in Sources */,
				F851175C25E3291397058468 /* PixelScene.swift in Sources */,
				D3DFEBC6D7B98B9C46F9BA81 /* PixelSpacing.swift in Sources */,
				A8ED1424FD6D36F3B538B12A /* PixelTabBar.swift in Sources */,
				369D553E0685619EEAF02597 /* PixelUIColor.swift in Sources */,
				3C924367BF6D98281ABDEE6F /* PlaceAPI.swift in Sources */,
				2F421FD8AD3B408FB4CB94C4 /* PlaceDetail.swift in Sources */,
				3F87278B10B282BE0924C3DC /* PlaceDetailView.swift in Sources */,
				758B8B2D4F580D81D78DE0D8 /* PlaceInfoSections.swift in Sources */,
				61C0030A922B080D04398BBE /* PlaceNearby.swift in Sources */,
				CB763EDFE880AAC77792628A /* Play.swift in Sources */,
				8A05764F76E9D6D931D89427 /* PlayAPI.swift in Sources */,
				F5FDCEF545D4023A70256DEC /* PlayCard.swift in Sources */,
				FB5B56BEEBB0650A986C18EC /* PlayDetailView.swift in Sources */,
				6D5F8CF07FD03DF0A2306308 /* PlayPinMap.swift in Sources */,
				09CA36B2590769BAEEDDE8C9 /* PlayProgress.swift in Sources */,
				A2287983AC1EC4E32FF2013A /* PlayProgressStore.swift in Sources */,
				551CF310DF3AE8E66E0D1AF7 /* PlayRunnerView.swift in Sources */,
				96D843ECB5200BC6F444CAE1 /* ProfileTabView.swift in Sources */,
				1EFFDAF78ADAE81D2021D06E /* SavedCourse.swift in Sources */,
				8463900C5A7F33E6253DBFC7 /* SharedComponents.swift in Sources */,
				58DF075E69988AA2F359FE58 /* StoryAudioPlayer.swift in Sources */,
				B5B02C3BABAAB0A349124CCF /* TasteDiscoveryView.swift in Sources */,
			);
			runOnlyForDeploymentPostprocessing = 0;
		};
/* End PBXSourcesBuildPhase section */

/* Begin XCBuildConfiguration section */
		0E022E3BB2C87CC440067257 /* Release */ = {
			isa = XCBuildConfiguration;
			baseConfigurationReference = 6A4C37778C65DA1DF7951735 /* Secrets.xcconfig */;
			buildSettings = {
				API_BASE_URL = "https://nolmeongbopseo-production.up.railway.app";
				ASSETCATALOG_COMPILER_APPICON_NAME = AppIcon;
				CODE_SIGN_ENTITLEMENTS = JejuFolklore/Resources/JejuFolklore.entitlements;
				CODE_SIGN_IDENTITY = "iPhone Developer";
				CODE_SIGN_STYLE = Automatic;
				DEVELOPMENT_TEAM = HB2ZHR35Y4;
				INFOPLIST_FILE = JejuFolklore/Resources/Info.plist;
				IPHONEOS_DEPLOYMENT_TARGET = 17.0;
				LD_RUNPATH_SEARCH_PATHS = (
					"$(inherited)",
					"@executable_path/Frameworks",
				);
				PRODUCT_BUNDLE_IDENTIFIER = com.keepdev.nolmeongbopseo;
				SDKROOT = iphoneos;
				TARGETED_DEVICE_FAMILY = 1;
			};
			name = Release;
		};
		1B5FDFB8DBEA44915C1D6EC8 /* Debug */ = {
			isa = XCBuildConfiguration;
			buildSettings = {
				ALWAYS_SEARCH_USER_PATHS = NO;
				CLANG_ANALYZER_NONNULL = YES;
				CLANG_ANALYZER_NUMBER_OBJECT_CONVERSION = YES_AGGRESSIVE;
				CLANG_CXX_LANGUAGE_STANDARD = "gnu++14";
				CLANG_CXX_LIBRARY = "libc++";
				CLANG_ENABLE_MODULES = YES;
				CLANG_ENABLE_OBJC_ARC = YES;
				CLANG_ENABLE_OBJC_WEAK = YES;
				CLANG_WARN_BLOCK_CAPTURE_AUTORELEASING = YES;
				CLANG_WARN_BOOL_CONVERSION = YES;
				CLANG_WARN_COMMA = YES;
				CLANG_WARN_CONSTANT_CONVERSION = YES;
				CLANG_WARN_DEPRECATED_OBJC_IMPLEMENTATIONS = YES;
				CLANG_WARN_DIRECT_OBJC_ISA_USAGE = YES_ERROR;
				CLANG_WARN_DOCUMENTATION_COMMENTS = YES;
				CLANG_WARN_EMPTY_BODY = YES;
				CLANG_WARN_ENUM_CONVERSION = YES;
				CLANG_WARN_INFINITE_RECURSION = YES;
				CLANG_WARN_INT_CONVERSION = YES;
				CLANG_WARN_NON_LITERAL_NULL_CONVERSION = YES;
				CLANG_WARN_OBJC_IMPLICIT_RETAIN_SELF = YES;
				CLANG_WARN_OBJC_LITERAL_CONVERSION = YES;
				CLANG_WARN_OBJC_ROOT_CLASS = YES_ERROR;
				CLANG_WARN_QUOTED_INCLUDE_IN_FRAMEWORK_HEADER = YES;
				CLANG_WARN_RANGE_LOOP_ANALYSIS = YES;
				CLANG_WARN_STRICT_PROTOTYPES = YES;
				CLANG_WARN_SUSPICIOUS_MOVE = YES;
				CLANG_WARN_UNGUARDED_AVAILABILITY = YES_AGGRESSIVE;
				CLANG_WARN_UNREACHABLE_CODE = YES;
				CLANG_WARN__DUPLICATE_METHOD_MATCH = YES;
				COPY_PHASE_STRIP = NO;
				CURRENT_PROJECT_VERSION = 2;
				DEBUG_INFORMATION_FORMAT = dwarf;
				ENABLE_STRICT_OBJC_MSGSEND = YES;
				ENABLE_TESTABILITY = YES;
				GCC_C_LANGUAGE_STANDARD = gnu11;
				GCC_DYNAMIC_NO_PIC = NO;
				GCC_NO_COMMON_BLOCKS = YES;
				GCC_OPTIMIZATION_LEVEL = 0;
				GCC_PREPROCESSOR_DEFINITIONS = (
					"$(inherited)",
					"DEBUG=1",
				);
				GCC_WARN_64_TO_32_BIT_CONVERSION = YES;
				GCC_WARN_ABOUT_RETURN_TYPE = YES_ERROR;
				GCC_WARN_UNDECLARED_SELECTOR = YES;
				GCC_WARN_UNINITIALIZED_AUTOS = YES_AGGRESSIVE;
				GCC_WARN_UNUSED_FUNCTION = YES;
				GCC_WARN_UNUSED_VARIABLE = YES;
				IPHONEOS_DEPLOYMENT_TARGET = 17.0;
				MARKETING_VERSION = 1.0;
				MTL_ENABLE_DEBUG_INFO = INCLUDE_SOURCE;
				MTL_FAST_MATH = YES;
				ONLY_ACTIVE_ARCH = YES;
				PRODUCT_NAME = "$(TARGET_NAME)";
				SDKROOT = iphoneos;
				SWIFT_ACTIVE_COMPILATION_CONDITIONS = DEBUG;
				SWIFT_OPTIMIZATION_LEVEL = "-Onone";
				SWIFT_VERSION = 5.10;
			};
			name = Debug;
		};
		6E2A1776790A7031DA82FFA2 /* Debug */ = {
			isa = XCBuildConfiguration;
			baseConfigurationReference = 6A4C37778C65DA1DF7951735 /* Secrets.xcconfig */;
			buildSettings = {
				API_BASE_URL = "https://nolmeongbopseo-production.up.railway.app";
				ASSETCATALOG_COMPILER_APPICON_NAME = AppIcon;
				CODE_SIGN_ENTITLEMENTS = JejuFolklore/Resources/JejuFolklore.entitlements;
				CODE_SIGN_IDENTITY = "iPhone Developer";
				CODE_SIGN_STYLE = Automatic;
				DEVELOPMENT_TEAM = HB2ZHR35Y4;
				INFOPLIST_FILE = JejuFolklore/Resources/Info.plist;
				IPHONEOS_DEPLOYMENT_TARGET = 17.0;
				LD_RUNPATH_SEARCH_PATHS = (
					"$(inherited)",
					"@executable_path/Frameworks",
				);
				PRODUCT_BUNDLE_IDENTIFIER = com.keepdev.nolmeongbopseo;
				SDKROOT = iphoneos;
				TARGETED_DEVICE_FAMILY = 1;
			};
			name = Debug;
		};
		CD7C197118ECCE8836D47174 /* Release */ = {
			isa = XCBuildConfiguration;
			buildSettings = {
				ALWAYS_SEARCH_USER_PATHS = NO;
				CLANG_ANALYZER_NONNULL = YES;
				CLANG_ANALYZER_NUMBER_OBJECT_CONVERSION = YES_AGGRESSIVE;
				CLANG_CXX_LANGUAGE_STANDARD = "gnu++14";
				CLANG_CXX_LIBRARY = "libc++";
				CLANG_ENABLE_MODULES = YES;
				CLANG_ENABLE_OBJC_ARC = YES;
				CLANG_ENABLE_OBJC_WEAK = YES;
				CLANG_WARN_BLOCK_CAPTURE_AUTORELEASING = YES;
				CLANG_WARN_BOOL_CONVERSION = YES;
				CLANG_WARN_COMMA = YES;
				CLANG_WARN_CONSTANT_CONVERSION = YES;
				CLANG_WARN_DEPRECATED_OBJC_IMPLEMENTATIONS = YES;
				CLANG_WARN_DIRECT_OBJC_ISA_USAGE = YES_ERROR;
				CLANG_WARN_DOCUMENTATION_COMMENTS = YES;
				CLANG_WARN_EMPTY_BODY = YES;
				CLANG_WARN_ENUM_CONVERSION = YES;
				CLANG_WARN_INFINITE_RECURSION = YES;
				CLANG_WARN_INT_CONVERSION = YES;
				CLANG_WARN_NON_LITERAL_NULL_CONVERSION = YES;
				CLANG_WARN_OBJC_IMPLICIT_RETAIN_SELF = YES;
				CLANG_WARN_OBJC_LITERAL_CONVERSION = YES;
				CLANG_WARN_OBJC_ROOT_CLASS = YES_ERROR;
				CLANG_WARN_QUOTED_INCLUDE_IN_FRAMEWORK_HEADER = YES;
				CLANG_WARN_RANGE_LOOP_ANALYSIS = YES;
				CLANG_WARN_STRICT_PROTOTYPES = YES;
				CLANG_WARN_SUSPICIOUS_MOVE = YES;
				CLANG_WARN_UNGUARDED_AVAILABILITY = YES_AGGRESSIVE;
				CLANG_WARN_UNREACHABLE_CODE = YES;
				CLANG_WARN__DUPLICATE_METHOD_MATCH = YES;
				COPY_PHASE_STRIP = NO;
				CURRENT_PROJECT_VERSION = 2;
				DEBUG_INFORMATION_FORMAT = "dwarf-with-dsym";
				ENABLE_NS_ASSERTIONS = NO;
				ENABLE_STRICT_OBJC_MSGSEND = YES;
				GCC_C_LANGUAGE_STANDARD = gnu11;
				GCC_NO_COMMON_BLOCKS = YES;
				GCC_WARN_64_TO_32_BIT_CONVERSION = YES;
				GCC_WARN_ABOUT_RETURN_TYPE = YES_ERROR;
				GCC_WARN_UNDECLARED_SELECTOR = YES;
				GCC_WARN_UNINITIALIZED_AUTOS = YES_AGGRESSIVE;
				GCC_WARN_UNUSED_FUNCTION = YES;
				GCC_WARN_UNUSED_VARIABLE = YES;
				IPHONEOS_DEPLOYMENT_TARGET = 17.0;
				MARKETING_VERSION = 1.0;
				MTL_ENABLE_DEBUG_INFO = NO;
				MTL_FAST_MATH = YES;
				PRODUCT_NAME = "$(TARGET_NAME)";
				SDKROOT = iphoneos;
				SWIFT_COMPILATION_MODE = wholemodule;
				SWIFT_OPTIMIZATION_LEVEL = "-O";
				SWIFT_VERSION = 5.10;
			};
			name = Release;
		};
/* End XCBuildConfiguration section */

/* Begin XCConfigurationList section */
		695326EA143816F89BEC379B /* Build configuration list for PBXProject "JejuFolklore" */ = {
			isa = XCConfigurationList;
			buildConfigurations = (
				1B5FDFB8DBEA44915C1D6EC8 /* Debug */,
				CD7C197118ECCE8836D47174 /* Release */,
			);
			defaultConfigurationIsVisible = 0;
			defaultConfigurationName = Debug;
		};
		83032AAC9CEDC7FAAADB0C24 /* Build configuration list for PBXNativeTarget "JejuFolklore" */ = {
			isa = XCConfigurationList;
			buildConfigurations = (
				6E2A1776790A7031DA82FFA2 /* Debug */,
				0E022E3BB2C87CC440067257 /* Release */,
			);
			defaultConfigurationIsVisible = 0;
			defaultConfigurationName = Debug;
		};
/* End XCConfigurationList section */

/* Begin XCRemoteSwiftPackageReference section */
		3B887012B207487E9482AEC2 /* XCRemoteSwiftPackageReference "ios-maps-sdk" */ = {
			isa = XCRemoteSwiftPackageReference;
			repositoryURL = "https://github.com/googlemaps/ios-maps-sdk";
			requirement = {
				kind = upToNextMajorVersion;
				minimumVersion = 9.0.0;
			};
		};
/* End XCRemoteSwiftPackageReference section */

/* Begin XCSwiftPackageProductDependency section */
		73D434DC7C36590FAF11FE46 /* GoogleMaps */ = {
			isa = XCSwiftPackageProductDependency;
			package = 3B887012B207487E9482AEC2 /* XCRemoteSwiftPackageReference "ios-maps-sdk" */;
			productName = GoogleMaps;
		};
/* End XCSwiftPackageProductDependency section */
	};
	rootObject = 6C28E17D1C1CDB465148AC78 /* Project object */;
}
